
Microsoft Visual Studio Solution File, Format Version 12.00
# Visual Studio 15
VisualStudioVersion = 15.0.26430.16
MinimumVisualStudioVersion = 10.0.40219.1
Project("{FAE04EC0-301F-11D3-BF4B-00C04F79EFBC}") = "CI_Test", "CI_Test\CI_Test.csproj", "{9CE18630-1BB2-4F84-85F8-D353B9CDC584}"
EndProject
Project("{FAE04EC0-301F-11D3-BF4B-00C04F79EFBC}") = "CI_Test_UnitTest", "CI_Test_UnitTest\CI_Test_UnitTest.csproj", "{8E88A211-C110-4720-8887-FF654BFA2A51}"
EndProject
Global
	GlobalSection(SolutionConfigurationPlatforms) = preSolution
		Debug|Any CPU = Debug|Any CPU
		Release|Any CPU = Release|Any CPU
	EndGlobalSection
	GlobalSection(ProjectConfigurationPlatforms) = postSolution
		{9CE18630-1BB2-4F84-85F8-D353B9CDC584}.Debug|Any CPU.ActiveCfg = Debug|Any CPU
		{9CE18630-1BB2-4F84-85F8-D353B9CDC584}.Debug|Any CPU.Build.0 = Debug|Any CPU
		{9CE18630-1BB2-4F84-85F8-D353B9CDC584}.Release|Any CPU.ActiveCfg = Release|Any CPU
		{9CE18630-1BB2-4F84-85F8-D353B9CDC584}.Release|Any CPU.Build.0 = Release|Any CPU
		{8E88A211-C110-4720-8887-FF654BFA2A51}.Debug|Any CPU.ActiveCfg = Debug|Any CPU
		{8E88A211-C110-4720-8887-FF654BFA2A51}.Debug|Any CPU.Build.0 = Debug|Any CPU
		{8E88A211-C110-4720-8887-FF654BFA2A51}.Release|Any CPU.ActiveCfg = Release|Any CPU
		{8E88A211-C110-4720-8887-FF654BFA2A51}.Release|Any CPU.Build.0 = Release|Any CPU
	EndGlobalSection
	GlobalSection(SolutionProperties) = preSolution
		HideSolutionNode = FALSE
	EndGlobalSection
EndGlobal
